
Microsoft Visual Studio Solution File, Format Version 12.00
# Visual Studio Version 18
VisualStudioVersion = 18.0.11123.170 d18.0
MinimumVisualStudioVersion = 10.0.40219.1
Project("{FAE04EC0-301F-11D3-BF4B-00C04F79EFBC}") = "EShop.Application", "EShop.Application\EShop.Application.csproj", "{4C393624-4ACA-AF2A-34A3-FC0B891EFFA4}"
EndProject
Project("{FAE04EC0-301F-11D3-BF4B-00C04F79EFBC}") = "EShop.Domain", "EShop.Domain\EShop.Domain.csproj", "{90305A40-30DA-ED02-A383-AE9EBB87D536}"
EndProject
Project("{FAE04EC0-301F-11D3-BF4B-00C04F79EFBC}") = "ServiceHost", "ServiceHost\ServiceHost.csproj", "{40745A28-E50E-9372-63BD-63FCD7C3B447}"
EndProject
Global
	GlobalSection(SolutionConfigurationPlatforms) = preSolution
		Debug|Any CPU = Debug|Any CPU
		Release|Any CPU = Release|Any CPU
	EndGlobalSection
	GlobalSection(ProjectConfigurationPlatforms) = postSolution
		{4C393624-4ACA-AF2A-34A3-FC0B891EFFA4}.Debug|Any CPU.ActiveCfg = Debug|Any CPU
		{4C393624-4ACA-AF2A-34A3-FC0B891EFFA4}.Debug|Any CPU.Build.0 = Debug|Any CPU
		{4C393624-4ACA-AF2A-34A3-FC0B891EFFA4}.Release|Any CPU.ActiveCfg = Release|Any CPU
		{4C393624-4ACA-AF2A-34A3-FC0B891EFFA4}.Release|Any CPU.Build.0 = Release|Any CPU
		{90305A40-30DA-ED02-A383-AE9EBB87D536}.Debug|Any CPU.ActiveCfg = Debug|Any CPU
		{90305A40-30DA-ED02-A383-AE9EBB87D536}.Debug|Any CPU.Build.0 = Debug|Any CPU
		{90305A40-30DA-ED02-A383-AE9EBB87D536}.Release|Any CPU.ActiveCfg = Release|Any CPU
		{90305A40-30DA-ED02-A383-AE9EBB87D536}.Release|Any CPU.Build.0 = Release|Any CPU
		{40745A28-E50E-9372-63BD-63FCD7C3B447}.Debug|Any CPU.ActiveCfg = Debug|Any CPU
		{40745A28-E50E-9372-63BD-63FCD7C3B447}.Debug|Any CPU.Build.0 = Debug|Any CPU
		{40745A28-E50E-9372-63BD-63FCD7C3B447}.Release|Any CPU.ActiveCfg = Release|Any CPU
		{40745A28-E50E-9372-63BD-63FCD7C3B447}.Release|Any CPU.Build.0 = Release|Any CPU
	EndGlobalSection
	GlobalSection(SolutionProperties) = preSolution
		HideSolutionNode = FALSE
	EndGlobalSection
	GlobalSection(ExtensibilityGlobals) = postSolution
		SolutionGuid = {99364310-23C4-4CD5-AF2F-95D20CFE8F12}
	EndGlobalSection
EndGlobal
